// !$*UTF8*$!
{
	archiveVersion = 1;
	classes = {
	};
	objectVersion = 46;
	objects = {

/* Begin PBXBuildFile section */
		2A86EF231D4257F5008C5B6B /* AppDelegate.swift in Sources */ = {isa = PBXBuildFile; fileRef = 2A86EF221D4257F5008C5B6B /* AppDelegate.swift */; };
		2A86EF251D4257F5008C5B6B /* ViewController.swift in Sources */ = {isa = PBXBuildFile; fileRef = 2A86EF241D4257F5008C5B6B /* ViewController.swift */; };
		2A86EF281D4257F5008C5B6B /* Main.storyboard in Resources */ = {isa = PBXBuildFile; fileRef = 2A86EF261D4257F5008C5B6B /* Main.storyboard */; };
		2A86EF2A1D4257F5008C5B6B /* Assets.xcassets in Resources */ = {isa = PBXBuildFile; fileRef = 2A86EF291D4257F5008C5B6B /* Assets.xcassets */; };
		2A86EF2D1D4257F5008C5B6B /* LaunchScreen.storyboard in Resources */ = {isa = PBXBuildFile; fileRef = 2A86EF2B1D4257F5008C5B6B /* LaunchScreen.storyboard */; };
		2A86EF381D4257F5008C5B6B /* _DTouchTestTests.swift in Sources */ = {isa = PBXBuildFile; fileRef = 2A86EF371D4257F5008C5B6B /* _DTouchTestTests.swift */; };
		2A86EF431D4257F5008C5B6B /* _DTouchTestUITests.swift in Sources */ = {isa = PBXBuildFile; fileRef = 2A86EF421D4257F5008C5B6B /* _DTouchTestUITests.swift */; };
		2A86EF531D426B94008C5B6B /* PreviewViewController.swift in Sources */ = {isa = PBXBuildFile; fileRef = 2A86EF521D426B94008C5B6B /* PreviewViewController.swift */; };
		2A86EF551D426DE6008C5B6B /* CommitViewController.swift in Sources */ = {isa = PBXBuildFile; fileRef = 2A86EF541D426DE6008C5B6B /* CommitViewController.swift */; };
/* End PBXBuildFile section */

/* Begin PBXContainerItemProxy section */
		2A86EF341D4257F5008C5B6B /* PBXContainerItemProxy */ = {
			isa = PBXContainerItemProxy;
			containerPortal = 2A86EF171D4257F5008C5B6B /* Project object */;
			proxyType = 1;
			remoteGlobalIDString = 2A86EF1E1D4257F5008C5B6B;
			remoteInfo = 3DTouchTest;
		};
		2A86EF3F1D4257F5008C5B6B /* PBXContainerItemProxy */ = {
			isa = PBXContainerItemProxy;
			containerPortal = 2A86EF171D4257F5008C5B6B /* Project object */;
			proxyType = 1;
			remoteGlobalIDString = 2A86EF1E1D4257F5008C5B6B;
			remoteInfo = 3DTouchTest;
		};
/* End PBXContainerItemProxy section */

/* Begin PBXFileReference section */
		2A86EF1F1D4257F5008C5B6B /* 3DTouchTest.app */ = {isa = PBXFileReference; explicitFileType = wrapper.application; includeInIndex = 0; path = 3DTouchTest.app; sourceTree = BUILT_PRODUCTS_DIR; };
		2A86EF221D4257F5008C5B6B /* AppDelegate.swift */ = {isa = PBXFileReference; lastKnownFileType = sourcecode.swift; path = AppDelegate.swift; sourceTree = "<group>"; };
		2A86EF241D4257F5008C5B6B /* ViewController.swift */ = {isa = PBXFileReference; lastKnownFileType = sourcecode.swift; path = ViewController.swift; sourceTree = "<group>"; };
		2A86EF271D4257F5008C5B6B /* Base */ = {isa = PBXFileReference; lastKnownFileType = file.storyboard; name = Base; path = Base.lproj/Main.storyboard; sourceTree = "<group>"; };
		2A86EF291D4257F5008C5B6B /* Assets.xcassets */ = {isa = PBXFileReference; lastKnownFileType = folder.assetcatalog; path = Assets.xcassets; sourceTree = "<group>"; };
		2A86EF2C1D4257F5008C5B6B /* Base */ = {isa = PBXFileReference; lastKnownFileType = file.storyboard; name = Base; path = Base.lproj/LaunchScreen.storyboard; sourceTree = "<group>"; };
		2A86EF2E1D4257F5008C5B6B /* Info.plist */ = {isa = PBXFileReference; lastKnownFileType = text.plist.xml; path = Info.plist; sourceTree = "<group>"; };
		2A86EF331D4257F5008C5B6B /* 3DTouchTestTests.xctest */ = {isa = PBXFileReference; explicitFileType = wrapper.cfbundle; includeInIndex = 0; path = 3DTouchTestTests.xctest; sourceTree = BUILT_PRODUCTS_DIR; };
		2A86EF371D4257F5008C5B6B /* _DTouchTestTests.swift */ = {isa = PBXFileReference; lastKnownFileType = sourcecode.swift; path = _DTouchTestTests.swift; sourceTree = "<group>"; };
		2A86EF391D4257F5008C5B6B /* Info.plist */ = {isa = PBXFileReference; lastKnownFileType = text.plist.xml; path = Info.plist; sourceTree = "<group>"; };
		2A86EF3E1D4257F5008C5B6B /* 3DTouchTestUITests.xctest */ = {isa = PBXFileReference; explicitFileType = wrapper.cfbundle; includeInIndex = 0; path = 3DTouchTestUITests.xctest; sourceTree = BUILT_PRODUCTS_DIR; };
		2A86EF421D4257F5008C5B6B /* _DTouchTestUITests.swift */ = {isa = PBXFileReference; lastKnownFileType = sourcecode.swift; path = _DTouchTestUITests.swift; sourceTree = "<group>"; };
		2A86EF441D4257F5008C5B6B /* Info.plist */ = {isa = PBXFileReference; lastKnownFileType = text.plist.xml; path = Info.plist; sourceTree = "<group>"; };
		2A86EF521D426B94008C5B6B /* PreviewViewController.swift */ = {isa = PBXFileReference; fileEncoding = 4; lastKnownFileType = sourcecode.swift; path = PreviewViewController.swift; sourceTree = "<group>"; };
		2A86EF541D426DE6008C5B6B /* CommitViewController.swift */ = {isa = PBXFileReference; fileEncoding = 4; lastKnownFileType = sourcecode.swift; path = CommitViewController.swift; sourceTree = "<group>"; };
/* End PBXFileReference section */

/* Begin PBXFrameworksBuildPhase section */
		2A86EF1C1D4257F5008C5B6B /* Frameworks */ = {
			isa = PBXFrameworksBuildPhase;
			buildActionMask = 2147483647;
			files = (
			);
			runOnlyForDeploymentPostprocessing = 0;
		};
		2A86EF301D4257F5008C5B6B /* Frameworks */ = {
			isa = PBXFrameworksBuildPhase;
			buildActionMask = 2147483647;
			files = (
			);
			runOnlyForDeploymentPostprocessing = 0;
		};
		2A86EF3B1D4257F5008C5B6B /* Frameworks */ = {
			isa = PBXFrameworksBuildPhase;
			buildActionMask = 2147483647;
			files = (
			);
			runOnlyForDeploymentPostprocessing = 0;
		};
/* End PBXFrameworksBuildPhase section */

/* Begin PBXGroup section */
		2A86EF161D4257F5008C5B6B = {
			isa = PBXGroup;
			children = (
				2A86EF211D4257F5008C5B6B /* 3DTouchTest */,
				2A86EF361D4257F5008C5B6B /* 3DTouchTestTests */,
				2A86EF411D4257F5008C5B6B /* 3DTouchTestUITests */,
				2A86EF201D4257F5008C5B6B /* Products */,
			);
			sourceTree = "<group>";
		};
		2A86EF201D4257F5008C5B6B /* Products */ = {
			isa = PBXGroup;
			children = (
				2A86EF1F1D4257F5008C5B6B /* 3DTouchTest.app */,
				2A86EF331D4257F5008C5B6B /* 3DTouchTestTests.xctest */,
				2A86EF3E1D4257F5008C5B6B /* 3DTouchTestUITests.xctest */,
			);
			name = Products;
			sourceTree = "<group>";
		};
		2A86EF211D4257F5008C5B6B /* 3DTouchTest */ = {
			isa = PBXGroup;
			children = (
				2A86EF221D4257F5008C5B6B /* AppDelegate.swift */,
				2A86EF241D4257F5008C5B6B /* ViewController.swift */,
				2A86EF521D426B94008C5B6B /* PreviewViewController.swift */,
				2A86EF541D426DE6008C5B6B /* CommitViewController.swift */,
				2A86EF261D4257F5008C5B6B /* Main.storyboard */,
				2A86EF291D4257F5008C5B6B /* Assets.xcassets */,
				2A86EF2B1D4257F5008C5B6B /* LaunchScreen.storyboard */,
				2A86EF2E1D4257F5008C5B6B /* Info.plist */,
			);
			path = 3DTouchTest;
			sourceTree = "<group>";
		};
		2A86EF361D4257F5008C5B6B /* 3DTouchTestTests */ = {
			isa = PBXGroup;
			children = (
				2A86EF371D4257F5008C5B6B /* _DTouchTestTests.swift */,
				2A86EF391D4257F5008C5B6B /* Info.plist */,
			);
			path = 3DTouchTestTests;
			sourceTree = "<group>";
		};
		2A86EF411D4257F5008C5B6B /* 3DTouchTestUITests */ = {
			isa = PBXGroup;
			children = (
				2A86EF421D4257F5008C5B6B /* _DTouchTestUITests.swift */,
				2A86EF441D4257F5008C5B6B /* Info.plist */,
			);
			path = 3DTouchTestUITests;
			sourceTree = "<group>";
		};
/* End PBXGroup section */

/* Begin PBXNativeTarget section */
		2A86EF1E1D4257F5008C5B6B /* 3DTouchTest */ = {
			isa = PBXNativeTarget;
			buildConfigurationList = 2A86EF471D4257F5008C5B6B /* Build configuration list for PBXNativeTarget "3DTouchTest" */;
			buildPhases = (
				2A86EF1B1D4257F5008C5B6B /* Sources */,
				2A86EF1C1D4257F5008C5B6B /* Frameworks */,
				2A86EF1D1D4257F5008C5B6B /* Resources */,
			);
			buildRules = (
			);
			dependencies = (
			);
			name = 3DTouchTest;
			productName = 3DTouchTest;
			productReference = 2A86EF1F1D4257F5008C5B6B /* 3DTouchTest.app */;
			productType = "com.apple.product-type.application";
		};
		2A86EF321D4257F5008C5B6B /* 3DTouchTestTests */ = {
			isa = PBXNativeTarget;
			buildConfigurationList = 2A86EF4A1D4257F5008C5B6B /* Build configuration list for PBXNativeTarget "3DTouchTestTests" */;
			buildPhases = (
				2A86EF2F1D4257F5008C5B6B /* Sources */,
				2A86EF301D4257F5008C5B6B /* Frameworks */,
				2A86EF311D4257F5008C5B6B /* Resources */,
			);
			buildRules = (
			);
			dependencies = (
				2A86EF351D4257F5008C5B6B /* PBXTargetDependency */,
			);
			name = 3DTouchTestTests;
			productName = 3DTouchTestTests;
			productReference = 2A86EF331D4257F5008C5B6B /* 3DTouchTestTests.xctest */;
			productType = "com.apple.product-type.bundle.unit-test";
		};
		2A86EF3D1D4257F5008C5B6B /* 3DTouchTestUITests */ = {
			isa = PBXNativeTarget;
			buildConfigurationList = 2A86EF4D1D4257F5008C5B6B /* Build configuration list for PBXNativeTarget "3DTouchTestUITests" */;
			buildPhases = (
				2A86EF3A1D4257F5008C5B6B /* Sources */,
				2A86EF3B1D4257F5008C5B6B /* Frameworks */,
				2A86EF3C1D4257F5008C5B6B /* Resources */,
			);
			buildRules = (
			);
			dependencies = (
				2A86EF401D4257F5008C5B6B /* PBXTargetDependency */,
			);
			name = 3DTouchTestUITests;
			productName = 3DTouchTestUITests;
			productReference = 2A86EF3E1D4257F5008C5B6B /* 3DTouchTestUITests.xctest */;
			productType = "com.apple.product-type.bundle.ui-testing";
		};
/* End PBXNativeTarget section */

/* Begin PBXProject section */
		2A86EF171D4257F5008C5B6B /* Project object */ = {
			isa = PBXProject;
			attributes = {
				LastSwiftUpdateCheck = 0730;
				LastUpgradeCheck = 0730;
				ORGANIZATIONNAME = "成璐飞";
				TargetAttributes = {
					2A86EF1E1D4257F5008C5B6B = {
						CreatedOnToolsVersion = 7.3.1;
						DevelopmentTeam = N7XNKCS3XY;
					};
					2A86EF321D4257F5008C5B6B = {
						CreatedOnToolsVersion = 7.3.1;
						DevelopmentTeam = N7XNKCS3XY;
						TestTargetID = 2A86EF1E1D4257F5008C5B6B;
					};
					2A86EF3D1D4257F5008C5B6B = {
						CreatedOnToolsVersion = 7.3.1;
						DevelopmentTeam = N7XNKCS3XY;
						TestTargetID = 2A86EF1E1D4257F5008C5B6B;
					};
				};
			};
			buildConfigurationList = 2A86EF1A1D4257F5008C5B6B /* Build configuration list for PBXProject "3DTouchTest" */;
			compatibilityVersion = "Xcode 3.2";
			developmentRegion = English;
			hasScannedForEncodings = 0;
			knownRegions = (
				en,
				Base,
			);
			mainGroup = 2A86EF161D4257F5008C5B6B;
			productRefGroup = 2A86EF201D4257F5008C5B6B /* Products */;
			projectDirPath = "";
			projectRoot = "";
			targets = (
				2A86EF1E1D4257F5008C5B6B /* 3DTouchTest */,
				2A86EF321D4257F5008C5B6B /* 3DTouchTestTests */,
				2A86EF3D1D4257F5008C5B6B /* 3DTouchTestUITests */,
			);
		};
/* End PBXProject section */

/* Begin PBXResourcesBuildPhase section */
		2A86EF1D1D4257F5008C5B6B /* Resources */ = {
			isa = PBXResourcesBuildPhase;
			buildActionMask = 2147483647;
			files = (
				2A86EF2D1D4257F5008C5B6B /* LaunchScreen.storyboard in Resources */,
				2A86EF2A1D4257F5008C5B6B /* Assets.xcassets in Resources */,
				2A86EF281D4257F5008C5B6B /* Main.storyboard in Resources */,
			);
			runOnlyForDeploymentPostprocessing = 0;
		};
		2A86EF311D4257F5008C5B6B /* Resources */ = {
			isa = PBXResourcesBuildPhase;
			buildActionMask = 2147483647;
			files = (
			);
			runOnlyForDeploymentPostprocessing = 0;
		};
		2A86EF3C1D4257F5008C5B6B /* Resources */ = {
			isa = PBXResourcesBuildPhase;
			buildActionMask = 2147483647;
			files = (
			);
			runOnlyForDeploymentPostprocessing = 0;
		};
/* End PBXResourcesBuildPhase section */

/* Begin PBXSourcesBuildPhase section */
		2A86EF1B1D4257F5008C5B6B /* Sources */ = {
			isa = PBXSourcesBuildPhase;
			buildActionMask = 2147483647;
			files = (
				2A86EF251D4257F5008C5B6B /* ViewController.swift in Sources */,
				2A86EF551D426DE6008C5B6B /* CommitViewController.swift in Sources */,
				2A86EF231D4257F5008C5B6B /* AppDelegate.swift in Sources */,
				2A86EF531D426B94008C5B6B /* PreviewViewController.swift in Sources */,
			);
			runOnlyForDeploymentPostprocessing = 0;
		};
		2A86EF2F1D4257F5008C5B6B /* Sources */ = {
			isa = PBXSourcesBuildPhase;
			buildActionMask = 2147483647;
			files = (
				2A86EF381D4257F5008C5B6B /* _DTouchTestTests.swift in Sources */,
			);
			runOnlyForDeploymentPostprocessing = 0;
		};
		2A86EF3A1D4257F5008C5B6B /* Sources */ = {
			isa = PBXSourcesBuildPhase;
			buildActionMask = 2147483647;
			files = (
				2A86EF431D4257F5008C5B6B /* _DTouchTestUITests.swift in Sources */,
			);
			runOnlyForDeploymentPostprocessing = 0;
		};
/* End PBXSourcesBuildPhase section */

/* Begin PBXTargetDependency section */
		2A86EF351D4257F5008C5B6B /* PBXTargetDependency */ = {
			isa = PBXTargetDependency;
			target = 2A86EF1E1D4257F5008C5B6B /* 3DTouchTest */;
			targetProxy = 2A86EF341D4257F5008C5B6B /* PBXContainerItemProxy */;
		};
		2A86EF401D4257F5008C5B6B /* PBXTargetDependency */ = {
			isa = PBXTargetDependency;
			target = 2A86EF1E1D4257F5008C5B6B /* 3DTouchTest */;
			targetProxy = 2A86EF3F1D4257F5008C5B6B /* PBXContainerItemProxy */;
		};
/* End PBXTargetDependency section */

/* Begin PBXVariantGroup section */
		2A86EF261D4257F5008C5B6B /* Main.storyboard */ = {
			isa = PBXVariantGroup;
			children = (
				2A86EF271D4257F5008C5B6B /* Base */,
			);
			name = Main.storyboard;
			sourceTree = "<group>";
		};
		2A86EF2B1D4257F5008C5B6B /* LaunchScreen.storyboard */ = {
			isa = PBXVariantGroup;
			children = (
				2A86EF2C1D4257F5008C5B6B /* Base */,
			);
			name = LaunchScreen.storyboard;
			sourceTree = "<group>";
		};
/* End PBXVariantGroup section */

/* Begin XCBuildConfiguration section */
		2A86EF451D4257F5008C5B6B /* Debug */ = {
			isa = XCBuildConfiguration;
			buildSettings = {
				ALWAYS_SEARCH_USER_PATHS = NO;
				CLANG_ANALYZER_NONNULL = YES;
				CLANG_CXX_LANGUAGE_STANDARD = "gnu++0x";
				CLANG_CXX_LIBRARY = "libc++";
				CLANG_ENABLE_MODULES = YES;
				CLANG_ENABLE_OBJC_ARC = YES;
				CLANG_WARN_BOOL_CONVERSION = YES;
				CLANG_WARN_CONSTANT_CONVERSION = YES;
				CLANG_WARN_DIRECT_OBJC_ISA_USAGE = YES_ERROR;
				CLANG_WARN_EMPTY_BODY = YES;
				CLANG_WARN_ENUM_CONVERSION = YES;
				CLANG_WARN_INT_CONVERSION = YES;
				CLANG_WARN_OBJC_ROOT_CLASS = YES_ERROR;
				CLANG_WARN_UNREACHABLE_CODE = YES;
				CLANG_WARN__DUPLICATE_METHOD_MATCH = YES;
				"CODE_SIGN_IDENTITY[sdk=iphoneos*]" = "iPhone Developer";
				COPY_PHASE_STRIP = NO;
				DEBUG_INFORMATION_FORMAT = dwarf;
				ENABLE_STRICT_OBJC_MSGSEND = YES;
				ENABLE_TESTABILITY = YES;
				GCC_C_LANGUAGE_STANDARD = gnu99;
				GCC_DYNAMIC_NO_PIC = NO;
				GCC_NO_COMMON_BLOCKS = YES;
				GCC_OPTIMIZATION_LEVEL = 0;
				GCC_PREPROCESSOR_DEFINITIONS = (
					"DEBUG=1",
					"$(inherited)",
				);
				GCC_WARN_64_TO_32_BIT_CONVERSION = YES;
				GCC_WARN_ABOUT_RETURN_TYPE = YES_ERROR;
				GCC_WARN_UNDECLARED_SELECTOR = YES;
				GCC_WARN_UNINITIALIZED_AUTOS = YES_AGGRESSIVE;
				GCC_WARN_UNUSED_FUNCTION = YES;
				GCC_WARN_UNUSED_VARIABLE = YES;
				IPHONEOS_DEPLOYMENT_TARGET = 9.3;
				MTL_ENABLE_DEBUG_INFO = YES;
				ONLY_ACTIVE_ARCH = YES;
				SDKROOT = iphoneos;
				SWIFT_OPTIMIZATION_LEVEL = "-Onone";
				TARGETED_DEVICE_FAMILY = "1,2";
			};
			name = Debug;
		};
		2A86EF461D4257F5008C5B6B /* Release */ = {
			isa = XCBuildConfiguration;
			buildSettings = {
				ALWAYS_SEARCH_USER_PATHS = NO;
				CLANG_ANALYZER_NONNULL = YES;
				CLANG_CXX_LANGUAGE_STANDARD = "gnu++0x";
				CLANG_CXX_LIBRARY = "libc++";
				CLANG_ENABLE_MODULES = YES;
				CLANG_ENABLE_OBJC_ARC = YES;
				CLANG_WARN_BOOL_CONVERSION = YES;
				CLANG_WARN_CONSTANT_CONVERSION = YES;
				CLANG_WARN_DIRECT_OBJC_ISA_USAGE = YES_ERROR;
				CLANG_WARN_EMPTY_BODY = YES;
				CLANG_WARN_ENUM_CONVERSION = YES;
				CLANG_WARN_INT_CONVERSION = YES;
				CLANG_WARN_OBJC_ROOT_CLASS = YES_ERROR;
				CLANG_WARN_UNREACHABLE_CODE = YES;
				CLANG_WARN__DUPLICATE_METHOD_MATCH = YES;
				"CODE_SIGN_IDENTITY[sdk=iphoneos*]" = "iPhone Developer";
				COPY_PHASE_STRIP = NO;
				DEBUG_INFORMATION_FORMAT = "dwarf-with-dsym";
				ENABLE_NS_ASSERTIONS = NO;
				ENABLE_STRICT_OBJC_MSGSEND = YES;
				GCC_C_LANGUAGE_STANDARD = gnu99;
				GCC_NO_COMMON_BLOCKS = YES;
				GCC_WARN_64_TO_32_BIT_CONVERSION = YES;
				GCC_WARN_ABOUT_RETURN_TYPE = YES_ERROR;
				GCC_WARN_UNDECLARED_SELECTOR = YES;
				GCC_WARN_UNINITIALIZED_AUTOS = YES_AGGRESSIVE;
				GCC_WARN_UNUSED_FUNCTION = YES;
				GCC_WARN_UNUSED_VARIABLE = YES;
				IPHONEOS_DEPLOYMENT_TARGET = 9.3;
				MTL_ENABLE_DEBUG_INFO = NO;
				SDKROOT = iphoneos;
				TARGETED_DEVICE_FAMILY = "1,2";
				VALIDATE_PRODUCT = YES;
			};
			name = Release;
		};
		2A86EF481D4257F5008C5B6B /* Debug */ = {
			isa = XCBuildConfiguration;
			buildSettings = {
				ASSETCATALOG_COMPILER_APPICON_NAME = AppIcon;
				INFOPLIST_FILE = 3DTouchTest/Info.plist;
				LD_RUNPATH_SEARCH_PATHS = "$(inherited) @executable_path/Frameworks";
				PRODUCT_BUNDLE_IDENTIFIER = "com.ChengLuffy.-DTouchTest";
				PRODUCT_NAME = "$(TARGET_NAME)";
			};
			name = Debug;
		};
		2A86EF491D4257F5008C5B6B /* Release */ = {
			isa = XCBuildConfiguration;
			buildSettings = {
				ASSETCATALOG_COMPILER_APPICON_NAME = AppIcon;
				INFOPLIST_FILE = 3DTouchTest/Info.plist;
				LD_RUNPATH_SEARCH_PATHS = "$(inherited) @executable_path/Frameworks";
				PRODUCT_BUNDLE_IDENTIFIER = "com.ChengLuffy.-DTouchTest";
				PRODUCT_NAME = "$(TARGET_NAME)";
			};
			name = Release;
		};
		2A86EF4B1D4257F5008C5B6B /* Debug */ = {
			isa = XCBuildConfiguration;
			buildSettings = {
				BUNDLE_LOADER = "$(TEST_HOST)";
				INFOPLIST_FILE = 3DTouchTestTests/Info.plist;
				LD_RUNPATH_SEARCH_PATHS = "$(inherited) @executable_path/Frameworks @loader_path/Frameworks";
				PRODUCT_BUNDLE_IDENTIFIER = "com.ChengLuffy.-DTouchTestTests";
				PRODUCT_NAME = "$(TARGET_NAME)";
				TEST_HOST = "$(BUILT_PRODUCTS_DIR)/3DTouchTest.app/3DTouchTest";
			};
			name = Debug;
		};
		2A86EF4C1D4257F5008C5B6B /* Release */ = {
			isa = XCBuildConfiguration;
			buildSettings = {
				BUNDLE_LOADER = "$(TEST_HOST)";
				INFOPLIST_FILE = 3DTouchTestTests/Info.plist;
				LD_RUNPATH_SEARCH_PATHS = "$(inherited) @executable_path/Frameworks @loader_path/Frameworks";
				PRODUCT_BUNDLE_IDENTIFIER = "com.ChengLuffy.-DTouchTestTests";
				PRODUCT_NAME = "$(TARGET_NAME)";
				TEST_HOST = "$(BUILT_PRODUCTS_DIR)/3DTouchTest.app/3DTouchTest";
			};
			name = Release;
		};
		2A86EF4E1D4257F5008C5B6B /* Debug */ = {
			isa = XCBuildConfiguration;
			buildSettings = {
				INFOPLIST_FILE = 3DTouchTestUITests/Info.plist;
				LD_RUNPATH_SEARCH_PATHS = "$(inherited) @executable_path/Frameworks @loader_path/Frameworks";
				PRODUCT_BUNDLE_IDENTIFIER = "com.ChengLuffy.-DTouchTestUITests";
				PRODUCT_NAME = "$(TARGET_NAME)";
				TEST_TARGET_NAME = 3DTouchTest;
			};
			name = Debug;
		};
		2A86EF4F1D4257F5008C5B6B /* Release */ = {
			isa = XCBuildConfiguration;
			buildSettings = {
				INFOPLIST_FILE = 3DTouchTestUITests/Info.plist;
				LD_RUNPATH_SEARCH_PATHS = "$(inherited) @executable_path/Frameworks @loader_path/Frameworks";
				PRODUCT_BUNDLE_IDENTIFIER = "com.ChengLuffy.-DTouchTestUITests";
				PRODUCT_NAME = "$(TARGET_NAME)";
				TEST_TARGET_NAME = 3DTouchTest;
			};
			name = Release;
		};
/* End XCBuildConfiguration section */

/* Begin XCConfigurationList section */
		2A86EF1A1D4257F5008C5B6B /* Build configuration list for PBXProject "3DTouchTest" */ = {
			isa = XCConfigurationList;
			buildConfigurations = (
				2A86EF451D4257F5008C5B6B /* Debug */,
				2A86EF461D4257F5008C5B6B /* Release */,
			);
			defaultConfigurationIsVisible = 0;
			defaultConfigurationName = Release;
		};
		2A86EF471D4257F5008C5B6B /* Build configuration list for PBXNativeTarget "3DTouchTest" */ = {
			isa = XCConfigurationList;
			buildConfigurations = (
				2A86EF481D4257F5008C5B6B /* Debug */,
				2A86EF491D4257F5008C5B6B /* Release */,
			);
			defaultConfigurationIsVisible = 0;
		};
		2A86EF4A1D4257F5008C5B6B /* Build configuration list for PBXNativeTarget "3DTouchTestTests" */ = {
			isa = XCConfigurationList;
			buildConfigurations = (
				2A86EF4B1D4257F5008C5B6B /* Debug */,
				2A86EF4C1D4257F5008C5B6B /* Release */,
			);
			defaultConfigurationIsVisible = 0;
		};
		2A86EF4D1D4257F5008C5B6B /* Build configuration list for PBXNativeTarget "3DTouchTestUITests" */ = {
			isa = XCConfigurationList;
			buildConfigurations = (
				2A86EF4E1D4257F5008C5B6B /* Debug */,
				2A86EF4F1D4257F5008C5B6B /* Release */,
			);
			defaultConfigurationIsVisible = 0;
		};
/* End XCConfigurationList section */
	};
	rootObject = 2A86EF171D4257F5008C5B6B /* Project object */;
}
